
Microsoft Visual Studio Solution File, Format Version 12.00
# Visual Studio Version 16
VisualStudioVersion = 16.0.31515.178
MinimumVisualStudioVersion = 10.0.40219.1
Project("{FAE04EC0-301F-11D3-BF4B-00C04F79EFBC}") = "BotMae", "BotMae\BotMae.csproj", "{0DF0C14E-4BCB-4A6F-959D-BE63C91AE966}"
EndProject
Global
	GlobalSection(SolutionConfigurationPlatforms) = preSolution
		Debug|Any CPU = Debug|Any CPU
		Release|Any CPU = Release|Any CPU
	EndGlobalSection
	GlobalSection(ProjectConfigurationPlatforms) = postSolution
		{0DF0C14E-4BCB-4A6F-959D-BE63C91AE966}.Debug|Any CPU.ActiveCfg = Debug|Any CPU
		{0DF0C14E-4BCB-4A6F-959D-BE63C91AE966}.Debug|Any CPU.Build.0 = Debug|Any CPU
		{0DF0C14E-4BCB-4A6F-959D-BE63C91AE966}.Release|Any CPU.ActiveCfg = Release|Any CPU
		{0DF0C14E-4BCB-4A6F-959D-BE63C91AE966}.Release|Any CPU.Build.0 = Release|Any CPU
	EndGlobalSection
	GlobalSection(SolutionProperties) = preSolution
		HideSolutionNode = FALSE
	EndGlobalSection
	GlobalSection(ExtensibilityGlobals) = postSolution
		SolutionGuid = {E2E397D2-B5F4-4781-8FC6-01654D3752B4}
	EndGlobalSection
EndGlobal
